// !$*UTF8*$!
{
	archiveVersion = 1;
	classes = {
	};
	objectVersion = 55;
	objects = {

/* Begin PBXBuildFile section */
		39DB842CE4D126212F88F0FD /* Pods_PixbaySearchImages.framework in Frameworks */ = {isa = PBXBuildFile; fileRef = 4A6B2290131525BC34F9F8DF /* Pods_PixbaySearchImages.framework */; };
		6E9DB4F8296C46F1003D3BC2 /* AppDelegate.swift in Sources */ = {isa = PBXBuildFile; fileRef = 6E9DB4F7296C46F1003D3BC2 /* AppDelegate.swift */; };
		6E9DB4FF296C46F1003D3BC2 /* Main.storyboard in Resources */ = {isa = PBXBuildFile; fileRef = 6E9DB4FD296C46F1003D3BC2 /* Main.storyboard */; };
		6E9DB502296C46F1003D3BC2 /* PixbaySearchImages.xcdatamodeld in Sources */ = {isa = PBXBuildFile; fileRef = 6E9DB500296C46F1003D3BC2 /* PixbaySearchImages.xcdatamodeld */; };
		6E9DB504296C46F4003D3BC2 /* Assets.xcassets in Resources */ = {isa = PBXBuildFile; fileRef = 6E9DB503296C46F4003D3BC2 /* Assets.xcassets */; };
		6E9DB507296C46F4003D3BC2 /* LaunchScreen.storyboard in Resources */ = {isa = PBXBuildFile; fileRef = 6E9DB505296C46F4003D3BC2 /* LaunchScreen.storyboard */; };
		6E9DB510296C4A30003D3BC2 /* WebSerivice.swift in Sources */ = {isa = PBXBuildFile; fileRef = 6E9DB50F296C4A30003D3BC2 /* WebSerivice.swift */; };
		6E9DB514296C4FD3003D3BC2 /* ImageTableViewCell.swift in Sources */ = {isa = PBXBuildFile; fileRef = 6E9DB512296C4FD3003D3BC2 /* ImageTableViewCell.swift */; };
		6E9DB515296C4FD3003D3BC2 /* ImageTableViewCell.xib in Resources */ = {isa = PBXBuildFile; fileRef = 6E9DB513296C4FD3003D3BC2 /* ImageTableViewCell.xib */; };
		6E9DB518296C54AC003D3BC2 /* PixbaySearchViewController.swift in Sources */ = {isa = PBXBuildFile; fileRef = 6E9DB517296C54AC003D3BC2 /* PixbaySearchViewController.swift */; };
		6E9DB51B296C54E0003D3BC2 /* SearchImagesViewModel.swift in Sources */ = {isa = PBXBuildFile; fileRef = 6E9DB51A296C54E0003D3BC2 /* SearchImagesViewModel.swift */; };
		6E9DB51F296C5667003D3BC2 /* Constants.swift in Sources */ = {isa = PBXBuildFile; fileRef = 6E9DB51E296C5667003D3BC2 /* Constants.swift */; };
		6E9DB522296C576E003D3BC2 /* SearchResponseModel.swift in Sources */ = {isa = PBXBuildFile; fileRef = 6E9DB521296C576E003D3BC2 /* SearchResponseModel.swift */; };
		6E9DB524296C57CA003D3BC2 /* ApiError.swift in Sources */ = {isa = PBXBuildFile; fileRef = 6E9DB523296C57CA003D3BC2 /* ApiError.swift */; };
		6E9DB526296C5890003D3BC2 /* SearchAPIStatus.swift in Sources */ = {isa = PBXBuildFile; fileRef = 6E9DB525296C5890003D3BC2 /* SearchAPIStatus.swift */; };
		6E9DB529296C5908003D3BC2 /* BoxBind.swift in Sources */ = {isa = PBXBuildFile; fileRef = 6E9DB528296C5908003D3BC2 /* BoxBind.swift */; };
		6E9DB52B296C59E1003D3BC2 /* PxbaySearchVC+API.swift in Sources */ = {isa = PBXBuildFile; fileRef = 6E9DB52A296C59E1003D3BC2 /* PxbaySearchVC+API.swift */; };
		6E9DB52D296C5ECC003D3BC2 /* ImageView+Extension.swift in Sources */ = {isa = PBXBuildFile; fileRef = 6E9DB52C296C5ECC003D3BC2 /* ImageView+Extension.swift */; };
		6E9DB52F296C669D003D3BC2 /* UIViewController+Extension.swift in Sources */ = {isa = PBXBuildFile; fileRef = 6E9DB52E296C669D003D3BC2 /* UIViewController+Extension.swift */; };
		6E9DB531296C6AF3003D3BC2 /* PixbaySearchVC+Search.swift in Sources */ = {isa = PBXBuildFile; fileRef = 6E9DB530296C6AF3003D3BC2 /* PixbaySearchVC+Search.swift */; };
		6E9DB533296C6DEF003D3BC2 /* SuggestionListModel.swift in Sources */ = {isa = PBXBuildFile; fileRef = 6E9DB532296C6DEF003D3BC2 /* SuggestionListModel.swift */; };
		6E9DB535296CD2F0003D3BC2 /* PixbaySearch+TableView.swift in Sources */ = {isa = PBXBuildFile; fileRef = 6E9DB534296CD2F0003D3BC2 /* PixbaySearch+TableView.swift */; };
/* End PBXBuildFile section */

/* Begin PBXFileReference section */
		29BD87736BCD5C34A6D9A736 /* Pods-PixbaySearchImages.debug.xcconfig */ = {isa = PBXFileReference; includeInIndex = 1; lastKnownFileType = text.xcconfig; name = "Pods-PixbaySearchImages.debug.xcconfig"; path = "Target Support Files/Pods-PixbaySearchImages/Pods-PixbaySearchImages.debug.xcconfig"; sourceTree = "<group>"; };
		4A6B2290131525BC34F9F8DF /* Pods_PixbaySearchImages.framework */ = {isa = PBXFileReference; explicitFileType = wrapper.framework; includeInIndex = 0; path = Pods_PixbaySearchImages.framework; sourceTree = BUILT_PRODUCTS_DIR; };
		6E9DB4F4296C46F1003D3BC2 /* PixbaySearchImages.app */ = {isa = PBXFileReference; explicitFileType = wrapper.application; includeInIndex = 0; path = PixbaySearchImages.app; sourceTree = BUILT_PRODUCTS_DIR; };
		6E9DB4F7296C46F1003D3BC2 /* AppDelegate.swift */ = {isa = PBXFileReference; lastKnownFileType = sourcecode.swift; path = AppDelegate.swift; sourceTree = "<group>"; };
		6E9DB4FE296C46F1003D3BC2 /* Base */ = {isa = PBXFileReference; lastKnownFileType = file.storyboard; name = Base; path = Base.lproj/Main.storyboard; sourceTree = "<group>"; };
		6E9DB501296C46F1003D3BC2 /* PixbaySearchImages.xcdatamodel */ = {isa = PBXFileReference; lastKnownFileType = wrapper.xcdatamodel; path = PixbaySearchImages.xcdatamodel; sourceTree = "<group>"; };
		6E9DB503296C46F4003D3BC2 /* Assets.xcassets */ = {isa = PBXFileReference; lastKnownFileType = folder.assetcatalog; path = Assets.xcassets; sourceTree = "<group>"; };
		6E9DB506296C46F4003D3BC2 /* Base */ = {isa = PBXFileReference; lastKnownFileType = file.storyboard; name = Base; path = Base.lproj/LaunchScreen.storyboard; sourceTree = "<group>"; };
		6E9DB508296C46F4003D3BC2 /* Info.plist */ = {isa = PBXFileReference; lastKnownFileType = text.plist.xml; path = Info.plist; sourceTree = "<group>"; };
		6E9DB50F296C4A30003D3BC2 /* WebSerivice.swift */ = {isa = PBXFileReference; fileEncoding = 4; lastKnownFileType = sourcecode.swift; path = WebSerivice.swift; sourceTree = "<group>"; };
		6E9DB512296C4FD3003D3BC2 /* ImageTableViewCell.swift */ = {isa = PBXFileReference; lastKnownFileType = sourcecode.swift; path = ImageTableViewCell.swift; sourceTree = "<group>"; };
		6E9DB513296C4FD3003D3BC2 /* ImageTableViewCell.xib */ = {isa = PBXFileReference; lastKnownFileType = file.xib; path = ImageTableViewCell.xib; sourceTree = "<group>"; };
		6E9DB517296C54AC003D3BC2 /* PixbaySearchViewController.swift */ = {isa = PBXFileReference; fileEncoding = 4; lastKnownFileType = sourcecode.swift; path = PixbaySearchViewController.swift; sourceTree = "<group>"; };
		6E9DB51A296C54E0003D3BC2 /* SearchImagesViewModel.swift */ = {isa = PBXFileReference; lastKnownFileType = sourcecode.swift; path = SearchImagesViewModel.swift; sourceTree = "<group>"; };
		6E9DB51E296C5667003D3BC2 /* Constants.swift */ = {isa = PBXFileReference; lastKnownFileType = sourcecode.swift; path = Constants.swift; sourceTree = "<group>"; };
		6E9DB521296C576E003D3BC2 /* SearchResponseModel.swift */ = {isa = PBXFileReference; lastKnownFileType = sourcecode.swift; path = SearchResponseModel.swift; sourceTree = "<group>"; };
		6E9DB523296C57CA003D3BC2 /* ApiError.swift */ = {isa = PBXFileReference; lastKnownFileType = sourcecode.swift; path = ApiError.swift; sourceTree = "<group>"; };
		6E9DB525296C5890003D3BC2 /* SearchAPIStatus.swift */ = {isa = PBXFileReference; lastKnownFileType = sourcecode.swift; path = SearchAPIStatus.swift; sourceTree = "<group>"; };
		6E9DB528296C5908003D3BC2 /* BoxBind.swift */ = {isa = PBXFileReference; fileEncoding = 4; lastKnownFileType = sourcecode.swift; path = BoxBind.swift; sourceTree = "<group>"; };
		6E9DB52A296C59E1003D3BC2 /* PxbaySearchVC+API.swift */ = {isa = PBXFileReference; lastKnownFileType = sourcecode.swift; path = "PxbaySearchVC+API.swift"; sourceTree = "<group>"; };
		6E9DB52C296C5ECC003D3BC2 /* ImageView+Extension.swift */ = {isa = PBXFileReference; lastKnownFileType = sourcecode.swift; path = "ImageView+Extension.swift"; sourceTree = "<group>"; };
		6E9DB52E296C669D003D3BC2 /* UIViewController+Extension.swift */ = {isa = PBXFileReference; lastKnownFileType = sourcecode.swift; path = "UIViewController+Extension.swift"; sourceTree = "<group>"; };
		6E9DB530296C6AF3003D3BC2 /* PixbaySearchVC+Search.swift */ = {isa = PBXFileReference; lastKnownFileType = sourcecode.swift; path = "PixbaySearchVC+Search.swift"; sourceTree = "<group>"; };
		6E9DB532296C6DEF003D3BC2 /* SuggestionListModel.swift */ = {isa = PBXFileReference; lastKnownFileType = sourcecode.swift; path = SuggestionListModel.swift; sourceTree = "<group>"; };
		6E9DB534296CD2F0003D3BC2 /* PixbaySearch+TableView.swift */ = {isa = PBXFileReference; lastKnownFileType = sourcecode.swift; path = "PixbaySearch+TableView.swift"; sourceTree = "<group>"; };
		A35A7D4CCBC11F3ACE58155F /* Pods-PixbaySearchImages.release.xcconfig */ = {isa = PBXFileReference; includeInIndex = 1; lastKnownFileType = text.xcconfig; name = "Pods-PixbaySearchImages.release.xcconfig"; path = "Target Support Files/Pods-PixbaySearchImages/Pods-PixbaySearchImages.release.xcconfig"; sourceTree = "<group>"; };
/* End PBXFileReference section */

/* Begin PBXFrameworksBuildPhase section */
		6E9DB4F1296C46F1003D3BC2 /* Frameworks */ = {
			isa = PBXFrameworksBuildPhase;
			buildActionMask = 2147483647;
			files = (
				39DB842CE4D126212F88F0FD /* Pods_PixbaySearchImages.framework in Frameworks */,
			);
			runOnlyForDeploymentPostprocessing = 0;
		};
/* End PBXFrameworksBuildPhase section */

/* Begin PBXGroup section */
		235F80C83C163816898B81B3 /* Pods */ = {
			isa = PBXGroup;
			children = (
				29BD87736BCD5C34A6D9A736 /* Pods-PixbaySearchImages.debug.xcconfig */,
				A35A7D4CCBC11F3ACE58155F /* Pods-PixbaySearchImages.release.xcconfig */,
			);
			path = Pods;
			sourceTree = "<group>";
		};
		67EEF7FB33F2C08581258F00 /* Frameworks */ = {
			isa = PBXGroup;
			children = (
				4A6B2290131525BC34F9F8DF /* Pods_PixbaySearchImages.framework */,
			);
			name = Frameworks;
			sourceTree = "<group>";
		};
		6E9DB4EB296C46F1003D3BC2 = {
			isa = PBXGroup;
			children = (
				6E9DB4F6296C46F1003D3BC2 /* PixbaySearchImages */,
				6E9DB4F5296C46F1003D3BC2 /* Products */,
				235F80C83C163816898B81B3 /* Pods */,
				67EEF7FB33F2C08581258F00 /* Frameworks */,
			);
			sourceTree = "<group>";
		};
		6E9DB4F5296C46F1003D3BC2 /* Products */ = {
			isa = PBXGroup;
			children = (
				6E9DB4F4296C46F1003D3BC2 /* PixbaySearchImages.app */,
			);
			name = Products;
			sourceTree = "<group>";
		};
		6E9DB4F6296C46F1003D3BC2 /* PixbaySearchImages */ = {
			isa = PBXGroup;
			children = (
				6E9DB4F7296C46F1003D3BC2 /* AppDelegate.swift */,
				6E9DB516296C5487003D3BC2 /* ViewControllers */,
				6E9DB519296C54C6003D3BC2 /* ViewModels */,
				6E9DB520296C5755003D3BC2 /* Models */,
				6E9DB511296C4F84003D3BC2 /* Views */,
				6E9DB50E296C4A30003D3BC2 /* WebService */,
				6E9DB51C296C5642003D3BC2 /* Constants */,
				6E9DB51D296C5653003D3BC2 /* Extensions */,
				6E9DB527296C58F9003D3BC2 /* CustomClasses */,
				6E9DB4FD296C46F1003D3BC2 /* Main.storyboard */,
				6E9DB503296C46F4003D3BC2 /* Assets.xcassets */,
				6E9DB505296C46F4003D3BC2 /* LaunchScreen.storyboard */,
				6E9DB508296C46F4003D3BC2 /* Info.plist */,
				6E9DB500296C46F1003D3BC2 /* PixbaySearchImages.xcdatamodeld */,
			);
			path = PixbaySearchImages;
			sourceTree = "<group>";
		};
		6E9DB50E296C4A30003D3BC2 /* WebService */ = {
			isa = PBXGroup;
			children = (
				6E9DB50F296C4A30003D3BC2 /* WebSerivice.swift */,
			);
			path = WebService;
			sourceTree = "<group>";
		};
		6E9DB511296C4F84003D3BC2 /* Views */ = {
			isa = PBXGroup;
			children = (
				6E9DB512296C4FD3003D3BC2 /* ImageTableViewCell.swift */,
				6E9DB513296C4FD3003D3BC2 /* ImageTableViewCell.xib */,
			);
			path = Views;
			sourceTree = "<group>";
		};
		6E9DB516296C5487003D3BC2 /* ViewControllers */ = {
			isa = PBXGroup;
			children = (
				6E9DB517296C54AC003D3BC2 /* PixbaySearchViewController.swift */,
				6E9DB52A296C59E1003D3BC2 /* PxbaySearchVC+API.swift */,
				6E9DB530296C6AF3003D3BC2 /* PixbaySearchVC+Search.swift */,
				6E9DB534296CD2F0003D3BC2 /* PixbaySearch+TableView.swift */,
			);
			path = ViewControllers;
			sourceTree = "<group>";
		};
		6E9DB519296C54C6003D3BC2 /* ViewModels */ = {
			isa = PBXGroup;
			children = (
				6E9DB51A296C54E0003D3BC2 /* SearchImagesViewModel.swift */,
				6E9DB525296C5890003D3BC2 /* SearchAPIStatus.swift */,
			);
			path = ViewModels;
			sourceTree = "<group>";
		};
		6E9DB51C296C5642003D3BC2 /* Constants */ = {
			isa = PBXGroup;
			children = (
				6E9DB51E296C5667003D3BC2 /* Constants.swift */,
			);
			path = Constants;
			sourceTree = "<group>";
		};
		6E9DB51D296C5653003D3BC2 /* Extensions */ = {
			isa = PBXGroup;
			children = (
				6E9DB52C296C5ECC003D3BC2 /* ImageView+Extension.swift */,
				6E9DB52E296C669D003D3BC2 /* UIViewController+Extension.swift */,
			);
			path = Extensions;
			sourceTree = "<group>";
		};
		6E9DB520296C5755003D3BC2 /* Models */ = {
			isa = PBXGroup;
			children = (
				6E9DB521296C576E003D3BC2 /* SearchResponseModel.swift */,
				6E9DB523296C57CA003D3BC2 /* ApiError.swift */,
				6E9DB532296C6DEF003D3BC2 /* SuggestionListModel.swift */,
			);
			path = Models;
			sourceTree = "<group>";
		};
		6E9DB527296C58F9003D3BC2 /* CustomClasses */ = {
			isa = PBXGroup;
			children = (
				6E9DB528296C5908003D3BC2 /* BoxBind.swift */,
			);
			path = CustomClasses;
			sourceTree = "<group>";
		};
/* End PBXGroup section */

/* Begin PBXNativeTarget section */
		6E9DB4F3296C46F1003D3BC2 /* PixbaySearchImages */ = {
			isa = PBXNativeTarget;
			buildConfigurationList = 6E9DB50B296C46F4003D3BC2 /* Build configuration list for PBXNativeTarget "PixbaySearchImages" */;
			buildPhases = (
				F4654778EDF3CA9FA7DB9CA0 /* [CP] Check Pods Manifest.lock */,
				6E9DB4F0296C46F1003D3BC2 /* Sources */,
				6E9DB4F1296C46F1003D3BC2 /* Frameworks */,
				6E9DB4F2296C46F1003D3BC2 /* Resources */,
				81CB05F22076E658F6054095 /* [CP] Embed Pods Frameworks */,
			);
			buildRules = (
			);
			dependencies = (
			);
			name = PixbaySearchImages;
			productName = PixbaySearchImages;
			productReference = 6E9DB4F4296C46F1003D3BC2 /* PixbaySearchImages.app */;
			productType = "com.apple.product-type.application";
		};
/* End PBXNativeTarget section */

/* Begin PBXProject section */
		6E9DB4EC296C46F1003D3BC2 /* Project object */ = {
			isa = PBXProject;
			attributes = {
				BuildIndependentTargetsInParallel = 1;
				LastSwiftUpdateCheck = 1330;
				LastUpgradeCheck = 1330;
				TargetAttributes = {
					6E9DB4F3296C46F1003D3BC2 = {
						CreatedOnToolsVersion = 13.3.1;
					};
				};
			};
			buildConfigurationList = 6E9DB4EF296C46F1003D3BC2 /* Build configuration list for PBXProject "PixbaySearchImages" */;
			compatibilityVersion = "Xcode 13.0";
			developmentRegion = en;
			hasScannedForEncodings = 0;
			knownRegions = (
				en,
				Base,
			);
			mainGroup = 6E9DB4EB296C46F1003D3BC2;
			productRefGroup = 6E9DB4F5296C46F1003D3BC2 /* Products */;
			projectDirPath = "";
			projectRoot = "";
			targets = (
				6E9DB4F3296C46F1003D3BC2 /* PixbaySearchImages */,
			);
		};
/* End PBXProject section */

/* Begin PBXResourcesBuildPhase section */
		6E9DB4F2296C46F1003D3BC2 /* Resources */ = {
			isa = PBXResourcesBuildPhase;
			buildActionMask = 2147483647;
			files = (
				6E9DB507296C46F4003D3BC2 /* LaunchScreen.storyboard in Resources */,
				6E9DB515296C4FD3003D3BC2 /* ImageTableViewCell.xib in Resources */,
				6E9DB504296C46F4003D3BC2 /* Assets.xcassets in Resources */,
				6E9DB4FF296C46F1003D3BC2 /* Main.storyboard in Resources */,
			);
			runOnlyForDeploymentPostprocessing = 0;
		};
/* End PBXResourcesBuildPhase section */

/* Begin PBXShellScriptBuildPhase section */
		81CB05F22076E658F6054095 /* [CP] Embed Pods Frameworks */ = {
			isa = PBXShellScriptBuildPhase;
			buildActionMask = 2147483647;
			files = (
			);
			inputFileListPaths = (
				"${PODS_ROOT}/Target Support Files/Pods-PixbaySearchImages/Pods-PixbaySearchImages-frameworks-${CONFIGURATION}-input-files.xcfilelist",
			);
			name = "[CP] Embed Pods Frameworks";
			outputFileListPaths = (
				"${PODS_ROOT}/Target Support Files/Pods-PixbaySearchImages/Pods-PixbaySearchImages-frameworks-${CONFIGURATION}-output-files.xcfilelist",
			);
			runOnlyForDeploymentPostprocessing = 0;
			shellPath = /bin/sh;
			shellScript = "\"${PODS_ROOT}/Target Support Files/Pods-PixbaySearchImages/Pods-PixbaySearchImages-frameworks.sh\"\n";
			showEnvVarsInLog = 0;
		};
		F4654778EDF3CA9FA7DB9CA0 /* [CP] Check Pods Manifest.lock */ = {
			isa = PBXShellScriptBuildPhase;
			buildActionMask = 2147483647;
			files = (
			);
			inputFileListPaths = (
			);
			inputPaths = (
				"${PODS_PODFILE_DIR_PATH}/Podfile.lock",
				"${PODS_ROOT}/Manifest.lock",
			);
			name = "[CP] Check Pods Manifest.lock";
			outputFileListPaths = (
			);
			outputPaths = (
				"$(DERIVED_FILE_DIR)/Pods-PixbaySearchImages-checkManifestLockResult.txt",
			);
			runOnlyForDeploymentPostprocessing = 0;
			shellPath = /bin/sh;
			shellScript = "diff \"${PODS_PODFILE_DIR_PATH}/Podfile.lock\" \"${PODS_ROOT}/Manifest.lock\" > /dev/null\nif [ $? != 0 ] ; then\n    # print error to STDERR\n    echo \"error: The sandbox is not in sync with the Podfile.lock. Run 'pod install' or update your CocoaPods installation.\" >&2\n    exit 1\nfi\n# This output is used by Xcode 'outputs' to avoid re-running this script phase.\necho \"SUCCESS\" > \"${SCRIPT_OUTPUT_FILE_0}\"\n";
			showEnvVarsInLog = 0;
		};
/* End PBXShellScriptBuildPhase section */

/* Begin PBXSourcesBuildPhase section */
		6E9DB4F0296C46F1003D3BC2 /* Sources */ = {
			isa = PBXSourcesBuildPhase;
			buildActionMask = 2147483647;
			files = (
				6E9DB518296C54AC003D3BC2 /* PixbaySearchViewController.swift in Sources */,
				6E9DB510296C4A30003D3BC2 /* WebSerivice.swift in Sources */,
				6E9DB51B296C54E0003D3BC2 /* SearchImagesViewModel.swift in Sources */,
				6E9DB529296C5908003D3BC2 /* BoxBind.swift in Sources */,
				6E9DB52F296C669D003D3BC2 /* UIViewController+Extension.swift in Sources */,
				6E9DB52D296C5ECC003D3BC2 /* ImageView+Extension.swift in Sources */,
				6E9DB502296C46F1003D3BC2 /* PixbaySearchImages.xcdatamodeld in Sources */,
				6E9DB526296C5890003D3BC2 /* SearchAPIStatus.swift in Sources */,
				6E9DB51F296C5667003D3BC2 /* Constants.swift in Sources */,
				6E9DB533296C6DEF003D3BC2 /* SuggestionListModel.swift in Sources */,
				6E9DB524296C57CA003D3BC2 /* ApiError.swift in Sources */,
				6E9DB514296C4FD3003D3BC2 /* ImageTableViewCell.swift in Sources */,
				6E9DB531296C6AF3003D3BC2 /* PixbaySearchVC+Search.swift in Sources */,
				6E9DB522296C576E003D3BC2 /* SearchResponseModel.swift in Sources */,
				6E9DB4F8296C46F1003D3BC2 /* AppDelegate.swift in Sources */,
				6E9DB52B296C59E1003D3BC2 /* PxbaySearchVC+API.swift in Sources */,
				6E9DB535296CD2F0003D3BC2 /* PixbaySearch+TableView.swift in Sources */,
			);
			runOnlyForDeploymentPostprocessing = 0;
		};
/* End PBXSourcesBuildPhase section */

/* Begin PBXVariantGroup section */
		6E9DB4FD296C46F1003D3BC2 /* Main.storyboard */ = {
			isa = PBXVariantGroup;
			children = (
				6E9DB4FE296C46F1003D3BC2 /* Base */,
			);
			name = Main.storyboard;
			sourceTree = "<group>";
		};
		6E9DB505296C46F4003D3BC2 /* LaunchScreen.storyboard */ = {
			isa = PBXVariantGroup;
			children = (
				6E9DB506296C46F4003D3BC2 /* Base */,
			);
			name = LaunchScreen.storyboard;
			sourceTree = "<group>";
		};
/* End PBXVariantGroup section */

/* Begin XCBuildConfiguration section */
		6E9DB509296C46F4003D3BC2 /* Debug */ = {
			isa = XCBuildConfiguration;
			buildSettings = {
				ALWAYS_SEARCH_USER_PATHS = NO;
				CLANG_ANALYZER_NONNULL = YES;
				CLANG_ANALYZER_NUMBER_OBJECT_CONVERSION = YES_AGGRESSIVE;
				CLANG_CXX_LANGUAGE_STANDARD = "gnu++17";
				CLANG_ENABLE_MODULES = YES;
				CLANG_ENABLE_OBJC_ARC = YES;
				CLANG_ENABLE_OBJC_WEAK = YES;
				CLANG_WARN_BLOCK_CAPTURE_AUTORELEASING = YES;
				CLANG_WARN_BOOL_CONVERSION = YES;
				CLANG_WARN_COMMA = YES;
				CLANG_WARN_CONSTANT_CONVERSION = YES;
				CLANG_WARN_DEPRECATED_OBJC_IMPLEMENTATIONS = YES;
				CLANG_WARN_DIRECT_OBJC_ISA_USAGE = YES_ERROR;
				CLANG_WARN_DOCUMENTATION_COMMENTS = YES;
				CLANG_WARN_EMPTY_BODY = YES;
				CLANG_WARN_ENUM_CONVERSION = YES;
				CLANG_WARN_INFINITE_RECURSION = YES;
				CLANG_WARN_INT_CONVERSION = YES;
				CLANG_WARN_NON_LITERAL_NULL_CONVERSION = YES;
				CLANG_WARN_OBJC_IMPLICIT_RETAIN_SELF = YES;
				CLANG_WARN_OBJC_LITERAL_CONVERSION = YES;
				CLANG_WARN_OBJC_ROOT_CLASS = YES_ERROR;
				CLANG_WARN_QUOTED_INCLUDE_IN_FRAMEWORK_HEADER = YES;
				CLANG_WARN_RANGE_LOOP_ANALYSIS = YES;
				CLANG_WARN_STRICT_PROTOTYPES = YES;
				CLANG_WARN_SUSPICIOUS_MOVE = YES;
				CLANG_WARN_UNGUARDED_AVAILABILITY = YES_AGGRESSIVE;
				CLANG_WARN_UNREACHABLE_CODE = YES;
				CLANG_WARN__DUPLICATE_METHOD_MATCH = YES;
				COPY_PHASE_STRIP = NO;
				DEBUG_INFORMATION_FORMAT = dwarf;
				ENABLE_STRICT_OBJC_MSGSEND = YES;
				ENABLE_TESTABILITY = YES;
				GCC_C_LANGUAGE_STANDARD = gnu11;
				GCC_DYNAMIC_NO_PIC = NO;
				GCC_NO_COMMON_BLOCKS = YES;
				GCC_OPTIMIZATION_LEVEL = 0;
				GCC_PREPROCESSOR_DEFINITIONS = (
					"DEBUG=1",
					"$(inherited)",
				);
				GCC_WARN_64_TO_32_BIT_CONVERSION = YES;
				GCC_WARN_ABOUT_RETURN_TYPE = YES_ERROR;
				GCC_WARN_UNDECLARED_SELECTOR = YES;
				GCC_WARN_UNINITIALIZED_AUTOS = YES_AGGRESSIVE;
				GCC_WARN_UNUSED_FUNCTION = YES;
				GCC_WARN_UNUSED_VARIABLE = YES;
				IPHONEOS_DEPLOYMENT_TARGET = 13;
				MTL_ENABLE_DEBUG_INFO = INCLUDE_SOURCE;
				MTL_FAST_MATH = YES;
				ONLY_ACTIVE_ARCH = YES;
				SDKROOT = iphoneos;
				SWIFT_ACTIVE_COMPILATION_CONDITIONS = DEBUG;
				SWIFT_OPTIMIZATION_LEVEL = "-Onone";
			};
			name = Debug;
		};
		6E9DB50A296C46F4003D3BC2 /* Release */ = {
			isa = XCBuildConfiguration;
			buildSettings = {
				ALWAYS_SEARCH_USER_PATHS = NO;
				CLANG_ANALYZER_NONNULL = YES;
				CLANG_ANALYZER_NUMBER_OBJECT_CONVERSION = YES_AGGRESSIVE;
				CLANG_CXX_LANGUAGE_STANDARD = "gnu++17";
				CLANG_ENABLE_MODULES = YES;
				CLANG_ENABLE_OBJC_ARC = YES;
				CLANG_ENABLE_OBJC_WEAK = YES;
				CLANG_WARN_BLOCK_CAPTURE_AUTORELEASING = YES;
				CLANG_WARN_BOOL_CONVERSION = YES;
				CLANG_WARN_COMMA = YES;
				CLANG_WARN_CONSTANT_CONVERSION = YES;
				CLANG_WARN_DEPRECATED_OBJC_IMPLEMENTATIONS = YES;
				CLANG_WARN_DIRECT_OBJC_ISA_USAGE = YES_ERROR;
				CLANG_WARN_DOCUMENTATION_COMMENTS = YES;
				CLANG_WARN_EMPTY_BODY = YES;
				CLANG_WARN_ENUM_CONVERSION = YES;
				CLANG_WARN_INFINITE_RECURSION = YES;
				CLANG_WARN_INT_CONVERSION = YES;
				CLANG_WARN_NON_LITERAL_NULL_CONVERSION = YES;
				CLANG_WARN_OBJC_IMPLICIT_RETAIN_SELF = YES;
				CLANG_WARN_OBJC_LITERAL_CONVERSION = YES;
				CLANG_WARN_OBJC_ROOT_CLASS = YES_ERROR;
				CLANG_WARN_QUOTED_INCLUDE_IN_FRAMEWORK_HEADER = YES;
				CLANG_WARN_RANGE_LOOP_ANALYSIS = YES;
				CLANG_WARN_STRICT_PROTOTYPES = YES;
				CLANG_WARN_SUSPICIOUS_MOVE = YES;
				CLANG_WARN_UNGUARDED_AVAILABILITY = YES_AGGRESSIVE;
				CLANG_WARN_UNREACHABLE_CODE = YES;
				CLANG_WARN__DUPLICATE_METHOD_MATCH = YES;
				COPY_PHASE_STRIP = NO;
				DEBUG_INFORMATION_FORMAT = "dwarf-with-dsym";
				ENABLE_NS_ASSERTIONS = NO;
				ENABLE_STRICT_OBJC_MSGSEND = YES;
				GCC_C_LANGUAGE_STANDARD = gnu11;
				GCC_NO_COMMON_BLOCKS = YES;
				GCC_WARN_64_TO_32_BIT_CONVERSION = YES;
				GCC_WARN_ABOUT_RETURN_TYPE = YES_ERROR;
				GCC_WARN_UNDECLARED_SELECTOR = YES;
				GCC_WARN_UNINITIALIZED_AUTOS = YES_AGGRESSIVE;
				GCC_WARN_UNUSED_FUNCTION = YES;
				GCC_WARN_UNUSED_VARIABLE = YES;
				IPHONEOS_DEPLOYMENT_TARGET = 13;
				MTL_ENABLE_DEBUG_INFO = NO;
				MTL_FAST_MATH = YES;
				SDKROOT = iphoneos;
				SWIFT_COMPILATION_MODE = wholemodule;
				SWIFT_OPTIMIZATION_LEVEL = "-O";
				VALIDATE_PRODUCT = YES;
			};
			name = Release;
		};
		6E9DB50C296C46F4003D3BC2 /* Debug */ = {
			isa = XCBuildConfiguration;
			baseConfigurationReference = 29BD87736BCD5C34A6D9A736 /* Pods-PixbaySearchImages.debug.xcconfig */;
			buildSettings = {
				ASSETCATALOG_COMPILER_APPICON_NAME = AppIcon;
				ASSETCATALOG_COMPILER_GLOBAL_ACCENT_COLOR_NAME = AccentColor;
				CODE_SIGN_STYLE = Automatic;
				CURRENT_PROJECT_VERSION = 1;
				GENERATE_INFOPLIST_FILE = YES;
				INFOPLIST_FILE = PixbaySearchImages/Info.plist;
				INFOPLIST_KEY_UIApplicationSupportsIndirectInputEvents = YES;
				INFOPLIST_KEY_UILaunchStoryboardName = LaunchScreen;
				INFOPLIST_KEY_UIMainStoryboardFile = Main;
				INFOPLIST_KEY_UISupportedInterfaceOrientations_iPad = "UIInterfaceOrientationPortrait UIInterfaceOrientationPortraitUpsideDown UIInterfaceOrientationLandscapeLeft UIInterfaceOrientationLandscapeRight";
				INFOPLIST_KEY_UISupportedInterfaceOrientations_iPhone = "UIInterfaceOrientationPortrait UIInterfaceOrientationLandscapeLeft UIInterfaceOrientationLandscapeRight";
				LD_RUNPATH_SEARCH_PATHS = (
					"$(inherited)",
					"@executable_path/Frameworks",
				);
				MARKETING_VERSION = 1.0;
				PRODUCT_BUNDLE_IDENTIFIER = TestCompany.PixbaySearchImages;
				PRODUCT_NAME = "$(TARGET_NAME)";
				SWIFT_EMIT_LOC_STRINGS = YES;
				SWIFT_VERSION = 5.0;
				TARGETED_DEVICE_FAMILY = "1,2";
			};
			name = Debug;
		};
		6E9DB50D296C46F4003D3BC2 /* Release */ = {
			isa = XCBuildConfiguration;
			baseConfigurationReference = A35A7D4CCBC11F3ACE58155F /* Pods-PixbaySearchImages.release.xcconfig */;
			buildSettings = {
				ASSETCATALOG_COMPILER_APPICON_NAME = AppIcon;
				ASSETCATALOG_COMPILER_GLOBAL_ACCENT_COLOR_NAME = AccentColor;
				CODE_SIGN_STYLE = Automatic;
				CURRENT_PROJECT_VERSION = 1;
				GENERATE_INFOPLIST_FILE = YES;
				INFOPLIST_FILE = PixbaySearchImages/Info.plist;
				INFOPLIST_KEY_UIApplicationSupportsIndirectInputEvents = YES;
				INFOPLIST_KEY_UILaunchStoryboardName = LaunchScreen;
				INFOPLIST_KEY_UIMainStoryboardFile = Main;
				INFOPLIST_KEY_UISupportedInterfaceOrientations_iPad = "UIInterfaceOrientationPortrait UIInterfaceOrientationPortraitUpsideDown UIInterfaceOrientationLandscapeLeft UIInterfaceOrientationLandscapeRight";
				INFOPLIST_KEY_UISupportedInterfaceOrientations_iPhone = "UIInterfaceOrientationPortrait UIInterfaceOrientationLandscapeLeft UIInterfaceOrientationLandscapeRight";
				LD_RUNPATH_SEARCH_PATHS = (
					"$(inherited)",
					"@executable_path/Frameworks",
				);
				MARKETING_VERSION = 1.0;
				PRODUCT_BUNDLE_IDENTIFIER = TestCompany.PixbaySearchImages;
				PRODUCT_NAME = "$(TARGET_NAME)";
				SWIFT_EMIT_LOC_STRINGS = YES;
				SWIFT_VERSION = 5.0;
				TARGETED_DEVICE_FAMILY = "1,2";
			};
			name = Release;
		};
/* End XCBuildConfiguration section */

/* Begin XCConfigurationList section */
		6E9DB4EF296C46F1003D3BC2 /* Build configuration list for PBXProject "PixbaySearchImages" */ = {
			isa = XCConfigurationList;
			buildConfigurations = (
				6E9DB509296C46F4003D3BC2 /* Debug */,
				6E9DB50A296C46F4003D3BC2 /* Release */,
			);
			defaultConfigurationIsVisible = 0;
			defaultConfigurationName = Release;
		};
		6E9DB50B296C46F4003D3BC2 /* Build configuration list for PBXNativeTarget "PixbaySearchImages" */ = {
			isa = XCConfigurationList;
			buildConfigurations = (
				6E9DB50C296C46F4003D3BC2 /* Debug */,
				6E9DB50D296C46F4003D3BC2 /* Release */,
			);
			defaultConfigurationIsVisible = 0;
			defaultConfigurationName = Release;
		};
/* End XCConfigurationList section */

/* Begin XCVersionGroup section */
		6E9DB500296C46F1003D3BC2 /* PixbaySearchImages.xcdatamodeld */ = {
			isa = XCVersionGroup;
			children = (
				6E9DB501296C46F1003D3BC2 /* PixbaySearchImages.xcdatamodel */,
			);
			currentVersion = 6E9DB501296C46F1003D3BC2 /* PixbaySearchImages.xcdatamodel */;
			path = PixbaySearchImages.xcdatamodeld;
			sourceTree = "<group>";
			versionGroupType = wrapper.xcdatamodel;
		};
/* End XCVersionGroup section */
	};
	rootObject = 6E9DB4EC296C46F1003D3BC2 /* Project object */;
}
